
Microsoft Visual Studio Solution File, Format Version 12.00
# Visual Studio Version 16
VisualStudioVersion = 16.0.29613.14
MinimumVisualStudioVersion = 10.0.40219.1
Project("{FAE04EC0-301F-11D3-BF4B-00C04F79EFBC}") = "Object_2", "Object_2.csproj", "{3325FA9F-DE86-4617-8F78-30D6B42297B5}"
EndProject
Global
	GlobalSection(SolutionConfigurationPlatforms) = preSolution
		Debug|Any CPU = Debug|Any CPU
		Release|Any CPU = Release|Any CPU
	EndGlobalSection
	GlobalSection(ProjectConfigurationPlatforms) = postSolution
		{3325FA9F-DE86-4617-8F78-30D6B42297B5}.Debug|Any CPU.ActiveCfg = Debug|Any CPU
		{3325FA9F-DE86-4617-8F78-30D6B42297B5}.Debug|Any CPU.Build.0 = Debug|Any CPU
		{3325FA9F-DE86-4617-8F78-30D6B42297B5}.Release|Any CPU.ActiveCfg = Release|Any CPU
		{3325FA9F-DE86-4617-8F78-30D6B42297B5}.Release|Any CPU.Build.0 = Release|Any CPU
	EndGlobalSection
	GlobalSection(SolutionProperties) = preSolution
		HideSolutionNode = FALSE
	EndGlobalSection
	GlobalSection(ExtensibilityGlobals) = postSolution
		SolutionGuid = {64F3F438-C04A-498C-B48E-31800F736484}
	EndGlobalSection
EndGlobal
